
Microsoft Visual Studio Solution File, Format Version 12.00
# Visual Studio 15
VisualStudioVersion = 15.0.28307.902
MinimumVisualStudioVersion = 10.0.40219.1
Project("{FAE04EC0-301F-11D3-BF4B-00C04F79EFBC}") = "ProjectKappa", "ProjectKappa\ProjectKappa.csproj", "{967F4B4B-92AF-4F3C-B7A0-F5BAB035998F}"
EndProject
Global
	GlobalSection(SolutionConfigurationPlatforms) = preSolution
		Debug|Any CPU = Debug|Any CPU
		Release|Any CPU = Release|Any CPU
	EndGlobalSection
	GlobalSection(ProjectConfigurationPlatforms) = postSolution
		{967F4B4B-92AF-4F3C-B7A0-F5BAB035998F}.Debug|Any CPU.ActiveCfg = Debug|Any CPU
		{967F4B4B-92AF-4F3C-B7A0-F5BAB035998F}.Debug|Any CPU.Build.0 = Debug|Any CPU
		{967F4B4B-92AF-4F3C-B7A0-F5BAB035998F}.Release|Any CPU.ActiveCfg = Release|Any CPU
		{967F4B4B-92AF-4F3C-B7A0-F5BAB035998F}.Release|Any CPU.Build.0 = Release|Any CPU
	EndGlobalSection
	GlobalSection(SolutionProperties) = preSolution
		HideSolutionNode = FALSE
	EndGlobalSection
	GlobalSection(ExtensibilityGlobals) = postSolution
		SolutionGuid = {5F734441-26B5-477D-A7D1-EED0C8FC0E97}
	EndGlobalSection
EndGlobal
